
Microsoft Visual Studio Solution File, Format Version 12.00
# Visual Studio 2015
Project("{FAE04EC0-301F-11D3-BF4B-00C04F79EFBC}") = "Gussa.CSharp.Plugins", "Gussa.CSharp.Plugins.csproj", "{FB68AE96-2926-5231-3F40-BD12104A981D}"
EndProject
Project("{FAE04EC0-301F-11D3-BF4B-00C04F79EFBC}") = "Gussa.CSharp", "Gussa.CSharp.csproj", "{4A88D00E-DBBD-5DF7-F7F1-B3D001B8BA1F}"
EndProject
Project("{FAE04EC0-301F-11D3-BF4B-00C04F79EFBC}") = "Gussa.CSharp.Editor", "Gussa.CSharp.Editor.csproj", "{C6A50920-D5DB-20AD-F077-5B9D50AEAA53}"
EndProject
Global
	GlobalSection(SolutionConfigurationPlatforms) = preSolution
		Debug|Any CPU = Debug|Any CPU
		Release|Any CPU = Release|Any CPU
	EndGlobalSection
	GlobalSection(ProjectConfigurationPlatforms) = postSolution
		{FB68AE96-2926-5231-3F40-BD12104A981D}.Debug|Any CPU.ActiveCfg = Debug|Any CPU
		{FB68AE96-2926-5231-3F40-BD12104A981D}.Debug|Any CPU.Build.0 = Debug|Any CPU
		{FB68AE96-2926-5231-3F40-BD12104A981D}.Release|Any CPU.ActiveCfg = Release|Any CPU
		{FB68AE96-2926-5231-3F40-BD12104A981D}.Release|Any CPU.Build.0 = Release|Any CPU
		{4A88D00E-DBBD-5DF7-F7F1-B3D001B8BA1F}.Debug|Any CPU.ActiveCfg = Debug|Any CPU
		{4A88D00E-DBBD-5DF7-F7F1-B3D001B8BA1F}.Debug|Any CPU.Build.0 = Debug|Any CPU
		{4A88D00E-DBBD-5DF7-F7F1-B3D001B8BA1F}.Release|Any CPU.ActiveCfg = Release|Any CPU
		{4A88D00E-DBBD-5DF7-F7F1-B3D001B8BA1F}.Release|Any CPU.Build.0 = Release|Any CPU
		{C6A50920-D5DB-20AD-F077-5B9D50AEAA53}.Debug|Any CPU.ActiveCfg = Debug|Any CPU
		{C6A50920-D5DB-20AD-F077-5B9D50AEAA53}.Debug|Any CPU.Build.0 = Debug|Any CPU
		{C6A50920-D5DB-20AD-F077-5B9D50AEAA53}.Release|Any CPU.ActiveCfg = Release|Any CPU
		{C6A50920-D5DB-20AD-F077-5B9D50AEAA53}.Release|Any CPU.Build.0 = Release|Any CPU
	EndGlobalSection
	GlobalSection(SolutionProperties) = preSolution
		HideSolutionNode = FALSE
	EndGlobalSection
EndGlobal
